
Microsoft Visual Studio Solution File, Format Version 12.00
# Visual Studio Version 16
VisualStudioVersion = 16.0.29215.179
MinimumVisualStudioVersion = 10.0.40219.1
Project("{9A19103F-16F7-4668-BE54-9A1E7A4F7556}") = "ServiceBusMessages", "ServiceBusMessages\ServiceBusMessages.csproj", "{40D61605-92D0-49D6-AE23-E3BF0576321B}"
EndProject
Project("{2150E333-8FDC-42A3-9474-1A3956D46DE8}") = "TestData", "TestData", "{E3E14C10-3844-4704-9C7A-B6F71489A340}"
	ProjectSection(SolutionItems) = preProject
		TestData\20190808.zip = TestData\20190808.zip
	EndProjectSection
EndProject
Project("{9A19103F-16F7-4668-BE54-9A1E7A4F7556}") = "Rx-TPL-Test", "Rx-TPL-Test\Rx-TPL-Test.csproj", "{9FE54148-E9BE-4E4E-9997-6A42E11FE101}"
EndProject
Project("{2150E333-8FDC-42A3-9474-1A3956D46DE8}") = "Application", "Application", "{E9DB5040-D63C-4F61-A21E-4422269209D9}"
EndProject
Project("{2150E333-8FDC-42A3-9474-1A3956D46DE8}") = "UI", "UI", "{493AE1D3-A461-4B07-B53A-783B5618BD75}"
EndProject
Project("{9A19103F-16F7-4668-BE54-9A1E7A4F7556}") = "Creative.LeadGen.UI.App.Web", "UI\Creative.LeadGen.UI.App.Web\Creative.LeadGen.UI.App.Web.csproj", "{7E23F7DE-1D85-4AC7-BECF-B32D69CF498B}"
EndProject
Project("{2150E333-8FDC-42A3-9474-1A3956D46DE8}") = "Infrasructure", "Infrasructure", "{494B2E97-CD34-4A26-9277-112873744814}"
EndProject
Project("{2150E333-8FDC-42A3-9474-1A3956D46DE8}") = "Core", "Core", "{FF132B99-0BC5-408D-875F-D5FC775FEE68}"
EndProject
Project("{2150E333-8FDC-42A3-9474-1A3956D46DE8}") = "Enterprise", "Enterprise", "{B72FBCF0-D766-43A2-AE54-2A98DB92328D}"
EndProject
Project("{2150E333-8FDC-42A3-9474-1A3956D46DE8}") = "Data", "Data", "{955D5172-F8CA-4F9A-9A69-ECBF6784C0B4}"
EndProject
Project("{2150E333-8FDC-42A3-9474-1A3956D46DE8}") = "System", "System", "{6993FA38-DAB8-4302-B5CD-94E13114107B}"
EndProject
Project("{9A19103F-16F7-4668-BE54-9A1E7A4F7556}") = "MassIdxIngestion", "Core\Application\MassIdxIngestion\MassIdxIngestion.csproj", "{8C3C4B34-BE49-4E7F-A4D4-339C33A853E6}"
EndProject
Project("{9A19103F-16F7-4668-BE54-9A1E7A4F7556}") = "Scraper", "Core\Application\Scraper\Scraper.csproj", "{23B9A141-874F-41C8-826C-617EB74D8FC7}"
EndProject
Project("{9A19103F-16F7-4668-BE54-9A1E7A4F7556}") = "MassIdxIngestion.Tests", "Core\Application\MassIdxIngestion.Tests\MassIdxIngestion.Tests.csproj", "{4541923A-887C-4FBB-A3A4-122E98D258FA}"
EndProject
Project("{9A19103F-16F7-4668-BE54-9A1E7A4F7556}") = "Scraper.Tests", "Core\Application\Scraper.Tests\Scraper.Tests.csproj", "{C5673800-09CB-4EAA-99B5-909C43470136}"
EndProject
Project("{9A19103F-16F7-4668-BE54-9A1E7A4F7556}") = "Creative.LeadGen.ApplicationCore.Mailing", "Core\Application\Creative.LeadGen.ApplicationCore.Mailing\Creative.LeadGen.ApplicationCore.Mailing.csproj", "{81E5C465-72E0-47C1-B18C-1DA1068DD337}"
EndProject
Project("{9A19103F-16F7-4668-BE54-9A1E7A4F7556}") = "Creative.System.Observable", "Infrastructure\System\Creative.LeadGen.Observable\Creative.System.Observable.csproj", "{89C37366-77A9-42B6-8435-D3B2F26D816B}"
EndProject
Project("{9A19103F-16F7-4668-BE54-9A1E7A4F7556}") = "Creative.System.Core", "Infrastructure\System\Creative.System.Core\Creative.System.Core.csproj", "{992511E9-DBA3-4302-AC29-38A7E3CEF2F3}"
EndProject
Global
	GlobalSection(SolutionConfigurationPlatforms) = preSolution
		Debug|Any CPU = Debug|Any CPU
		Release|Any CPU = Release|Any CPU
	EndGlobalSection
	GlobalSection(ProjectConfigurationPlatforms) = postSolution
		{40D61605-92D0-49D6-AE23-E3BF0576321B}.Debug|Any CPU.ActiveCfg = Debug|Any CPU
		{40D61605-92D0-49D6-AE23-E3BF0576321B}.Debug|Any CPU.Build.0 = Debug|Any CPU
		{40D61605-92D0-49D6-AE23-E3BF0576321B}.Release|Any CPU.ActiveCfg = Release|Any CPU
		{40D61605-92D0-49D6-AE23-E3BF0576321B}.Release|Any CPU.Build.0 = Release|Any CPU
		{9FE54148-E9BE-4E4E-9997-6A42E11FE101}.Debug|Any CPU.ActiveCfg = Debug|Any CPU
		{9FE54148-E9BE-4E4E-9997-6A42E11FE101}.Debug|Any CPU.Build.0 = Debug|Any CPU
		{9FE54148-E9BE-4E4E-9997-6A42E11FE101}.Release|Any CPU.ActiveCfg = Release|Any CPU
		{9FE54148-E9BE-4E4E-9997-6A42E11FE101}.Release|Any CPU.Build.0 = Release|Any CPU
		{7E23F7DE-1D85-4AC7-BECF-B32D69CF498B}.Debug|Any CPU.ActiveCfg = Debug|Any CPU
		{7E23F7DE-1D85-4AC7-BECF-B32D69CF498B}.Debug|Any CPU.Build.0 = Debug|Any CPU
		{7E23F7DE-1D85-4AC7-BECF-B32D69CF498B}.Release|Any CPU.ActiveCfg = Release|Any CPU
		{7E23F7DE-1D85-4AC7-BECF-B32D69CF498B}.Release|Any CPU.Build.0 = Release|Any CPU
		{8C3C4B34-BE49-4E7F-A4D4-339C33A853E6}.Debug|Any CPU.ActiveCfg = Debug|Any CPU
		{8C3C4B34-BE49-4E7F-A4D4-339C33A853E6}.Debug|Any CPU.Build.0 = Debug|Any CPU
		{8C3C4B34-BE49-4E7F-A4D4-339C33A853E6}.Release|Any CPU.ActiveCfg = Release|Any CPU
		{8C3C4B34-BE49-4E7F-A4D4-339C33A853E6}.Release|Any CPU.Build.0 = Release|Any CPU
		{23B9A141-874F-41C8-826C-617EB74D8FC7}.Debug|Any CPU.ActiveCfg = Debug|Any CPU
		{23B9A141-874F-41C8-826C-617EB74D8FC7}.Debug|Any CPU.Build.0 = Debug|Any CPU
		{23B9A141-874F-41C8-826C-617EB74D8FC7}.Release|Any CPU.ActiveCfg = Release|Any CPU
		{23B9A141-874F-41C8-826C-617EB74D8FC7}.Release|Any CPU.Build.0 = Release|Any CPU
		{4541923A-887C-4FBB-A3A4-122E98D258FA}.Debug|Any CPU.ActiveCfg = Debug|Any CPU
		{4541923A-887C-4FBB-A3A4-122E98D258FA}.Debug|Any CPU.Build.0 = Debug|Any CPU
		{4541923A-887C-4FBB-A3A4-122E98D258FA}.Release|Any CPU.ActiveCfg = Release|Any CPU
		{4541923A-887C-4FBB-A3A4-122E98D258FA}.Release|Any CPU.Build.0 = Release|Any CPU
		{C5673800-09CB-4EAA-99B5-909C43470136}.Debug|Any CPU.ActiveCfg = Debug|Any CPU
		{C5673800-09CB-4EAA-99B5-909C43470136}.Debug|Any CPU.Build.0 = Debug|Any CPU
		{C5673800-09CB-4EAA-99B5-909C43470136}.Release|Any CPU.ActiveCfg = Release|Any CPU
		{C5673800-09CB-4EAA-99B5-909C43470136}.Release|Any CPU.Build.0 = Release|Any CPU
		{81E5C465-72E0-47C1-B18C-1DA1068DD337}.Debug|Any CPU.ActiveCfg = Debug|Any CPU
		{81E5C465-72E0-47C1-B18C-1DA1068DD337}.Debug|Any CPU.Build.0 = Debug|Any CPU
		{81E5C465-72E0-47C1-B18C-1DA1068DD337}.Release|Any CPU.ActiveCfg = Release|Any CPU
		{81E5C465-72E0-47C1-B18C-1DA1068DD337}.Release|Any CPU.Build.0 = Release|Any CPU
		{89C37366-77A9-42B6-8435-D3B2F26D816B}.Debug|Any CPU.ActiveCfg = Debug|Any CPU
		{89C37366-77A9-42B6-8435-D3B2F26D816B}.Debug|Any CPU.Build.0 = Debug|Any CPU
		{89C37366-77A9-42B6-8435-D3B2F26D816B}.Release|Any CPU.ActiveCfg = Release|Any CPU
		{89C37366-77A9-42B6-8435-D3B2F26D816B}.Release|Any CPU.Build.0 = Release|Any CPU
		{992511E9-DBA3-4302-AC29-38A7E3CEF2F3}.Debug|Any CPU.ActiveCfg = Debug|Any CPU
		{992511E9-DBA3-4302-AC29-38A7E3CEF2F3}.Debug|Any CPU.Build.0 = Debug|Any CPU
		{992511E9-DBA3-4302-AC29-38A7E3CEF2F3}.Release|Any CPU.ActiveCfg = Release|Any CPU
		{992511E9-DBA3-4302-AC29-38A7E3CEF2F3}.Release|Any CPU.Build.0 = Release|Any CPU
	EndGlobalSection
	GlobalSection(SolutionProperties) = preSolution
		HideSolutionNode = FALSE
	EndGlobalSection
	GlobalSection(NestedProjects) = preSolution
		{40D61605-92D0-49D6-AE23-E3BF0576321B} = {494B2E97-CD34-4A26-9277-112873744814}
		{9FE54148-E9BE-4E4E-9997-6A42E11FE101} = {6993FA38-DAB8-4302-B5CD-94E13114107B}
		{E9DB5040-D63C-4F61-A21E-4422269209D9} = {FF132B99-0BC5-408D-875F-D5FC775FEE68}
		{7E23F7DE-1D85-4AC7-BECF-B32D69CF498B} = {493AE1D3-A461-4B07-B53A-783B5618BD75}
		{B72FBCF0-D766-43A2-AE54-2A98DB92328D} = {FF132B99-0BC5-408D-875F-D5FC775FEE68}
		{955D5172-F8CA-4F9A-9A69-ECBF6784C0B4} = {494B2E97-CD34-4A26-9277-112873744814}
		{6993FA38-DAB8-4302-B5CD-94E13114107B} = {494B2E97-CD34-4A26-9277-112873744814}
		{8C3C4B34-BE49-4E7F-A4D4-339C33A853E6} = {E9DB5040-D63C-4F61-A21E-4422269209D9}
		{23B9A141-874F-41C8-826C-617EB74D8FC7} = {E9DB5040-D63C-4F61-A21E-4422269209D9}
		{4541923A-887C-4FBB-A3A4-122E98D258FA} = {E9DB5040-D63C-4F61-A21E-4422269209D9}
		{C5673800-09CB-4EAA-99B5-909C43470136} = {E9DB5040-D63C-4F61-A21E-4422269209D9}
		{81E5C465-72E0-47C1-B18C-1DA1068DD337} = {E9DB5040-D63C-4F61-A21E-4422269209D9}
		{89C37366-77A9-42B6-8435-D3B2F26D816B} = {6993FA38-DAB8-4302-B5CD-94E13114107B}
		{992511E9-DBA3-4302-AC29-38A7E3CEF2F3} = {6993FA38-DAB8-4302-B5CD-94E13114107B}
	EndGlobalSection
	GlobalSection(ExtensibilityGlobals) = postSolution
		SolutionGuid = {E707906E-56D1-46B2-A232-ADDD42B431A6}
	EndGlobalSection
EndGlobal
